# THIS IS AN AUTOGENERATED FILE. DO NOT EDIT THIS FILE DIRECTLY.
# yarn lockfile v1


"@pdftron/webviewer@^10.4.0":
  version "10.4.0"
  resolved "https://registry.yarnpkg.com/@pdftron/webviewer/-/webviewer-10.4.0.tgz#9f59c38f0ec1b7cc08d446ca1a9abc94aa549c41"
  integrity sha512-aJOuAYEnkxn/tCaB1m548VfxILbBesLB7Fd1S15/KvjklM9nCQjwJv4+R99zL+WaxvVet9kem5LVPoiGXDHXmg==
